// !$*UTF8*$!
{
	archiveVersion = 1;
	classes = {
	};
	objectVersion = 50;
	objects = {

/* Begin PBXBuildFile section */
		BCB65ECA20E5AFFB00DF92F4 /* AppDelegate.swift in Sources */ = {isa = PBXBuildFile; fileRef = BCB65EC920E5AFFB00DF92F4 /* AppDelegate.swift */; };
		BCB65ECC20E5AFFB00DF92F4 /* RecordSoundsViewController.swift in Sources */ = {isa = PBXBuildFile; fileRef = BCB65ECB20E5AFFB00DF92F4 /* RecordSoundsViewController.swift */; };
		BCB65ECF20E5AFFB00DF92F4 /* Main.storyboard in Resources */ = {isa = PBXBuildFile; fileRef = BCB65ECD20E5AFFB00DF92F4 /* Main.storyboard */; };
		BCB65ED120E5AFFD00DF92F4 /* Assets.xcassets in Resources */ = {isa = PBXBuildFile; fileRef = BCB65ED020E5AFFD00DF92F4 /* Assets.xcassets */; };
		BCB65ED420E5AFFD00DF92F4 /* LaunchScreen.storyboard in Resources */ = {isa = PBXBuildFile; fileRef = BCB65ED220E5AFFD00DF92F4 /* LaunchScreen.storyboard */; };
		BCB65EDC20E5C16400DF92F4 /* PlaySoundsViewController.swift in Sources */ = {isa = PBXBuildFile; fileRef = BCB65EDB20E5C16400DF92F4 /* PlaySoundsViewController.swift */; };
		BCB65EDE20E5DAD900DF92F4 /* PlaySoundsViewController+Audio.swift in Sources */ = {isa = PBXBuildFile; fileRef = BCB65EDD20E5DAD900DF92F4 /* PlaySoundsViewController+Audio.swift */; };
/* End PBXBuildFile section */

/* Begin PBXFileReference section */
		BCB65EC620E5AFFB00DF92F4 /* Pitch Perfect.app */ = {isa = PBXFileReference; explicitFileType = wrapper.application; includeInIndex = 0; path = "Pitch Perfect.app"; sourceTree = BUILT_PRODUCTS_DIR; };
		BCB65EC920E5AFFB00DF92F4 /* AppDelegate.swift */ = {isa = PBXFileReference; lastKnownFileType = sourcecode.swift; path = AppDelegate.swift; sourceTree = "<group>"; };
		BCB65ECB20E5AFFB00DF92F4 /* RecordSoundsViewController.swift */ = {isa = PBXFileReference; lastKnownFileType = sourcecode.swift; path = RecordSoundsViewController.swift; sourceTree = "<group>"; };
		BCB65ECE20E5AFFB00DF92F4 /* Base */ = {isa = PBXFileReference; lastKnownFileType = file.storyboard; name = Base; path = Base.lproj/Main.storyboard; sourceTree = "<group>"; };
		BCB65ED020E5AFFD00DF92F4 /* Assets.xcassets */ = {isa = PBXFileReference; lastKnownFileType = folder.assetcatalog; path = Assets.xcassets; sourceTree = "<group>"; };
		BCB65ED320E5AFFD00DF92F4 /* Base */ = {isa = PBXFileReference; lastKnownFileType = file.storyboard; name = Base; path = Base.lproj/LaunchScreen.storyboard; sourceTree = "<group>"; };
		BCB65ED520E5AFFD00DF92F4 /* Info.plist */ = {isa = PBXFileReference; lastKnownFileType = text.plist.xml; path = Info.plist; sourceTree = "<group>"; };
		BCB65EDB20E5C16400DF92F4 /* PlaySoundsViewController.swift */ = {isa = PBXFileReference; lastKnownFileType = sourcecode.swift; path = PlaySoundsViewController.swift; sourceTree = "<group>"; };
		BCB65EDD20E5DAD900DF92F4 /* PlaySoundsViewController+Audio.swift */ = {isa = PBXFileReference; fileEncoding = 4; lastKnownFileType = sourcecode.swift; path = "PlaySoundsViewController+Audio.swift"; sourceTree = "<group>"; };
/* End PBXFileReference section */

/* Begin PBXFrameworksBuildPhase section */
		BCB65EC320E5AFFB00DF92F4 /* Frameworks */ = {
			isa = PBXFrameworksBuildPhase;
			buildActionMask = 2147483647;
			files = (
			);
			runOnlyForDeploymentPostprocessing = 0;
		};
/* End PBXFrameworksBuildPhase section */

/* Begin PBXGroup section */
		BCB65EBD20E5AFFB00DF92F4 = {
			isa = PBXGroup;
			children = (
				BCB65EC820E5AFFB00DF92F4 /* Pitch Perfect */,
				BCB65EC720E5AFFB00DF92F4 /* Products */,
			);
			sourceTree = "<group>";
		};
		BCB65EC720E5AFFB00DF92F4 /* Products */ = {
			isa = PBXGroup;
			children = (
				BCB65EC620E5AFFB00DF92F4 /* Pitch Perfect.app */,
			);
			name = Products;
			sourceTree = "<group>";
		};
		BCB65EC820E5AFFB00DF92F4 /* Pitch Perfect */ = {
			isa = PBXGroup;
			children = (
				BCB65EC920E5AFFB00DF92F4 /* AppDelegate.swift */,
				BCB65ECB20E5AFFB00DF92F4 /* RecordSoundsViewController.swift */,
				BCB65EDB20E5C16400DF92F4 /* PlaySoundsViewController.swift */,
				BCB65EDD20E5DAD900DF92F4 /* PlaySoundsViewController+Audio.swift */,
				BCB65ECD20E5AFFB00DF92F4 /* Main.storyboard */,
				BCB65ED020E5AFFD00DF92F4 /* Assets.xcassets */,
				BCB65ED220E5AFFD00DF92F4 /* LaunchScreen.storyboard */,
				BCB65ED520E5AFFD00DF92F4 /* Info.plist */,
			);
			path = "Pitch Perfect";
			sourceTree = "<group>";
		};
/* End PBXGroup section */

/* Begin PBXNativeTarget section */
		BCB65EC520E5AFFB00DF92F4 /* Pitch Perfect */ = {
			isa = PBXNativeTarget;
			buildConfigurationList = BCB65ED820E5AFFD00DF92F4 /* Build configuration list for PBXNativeTarget "Pitch Perfect" */;
			buildPhases = (
				BCB65EC220E5AFFB00DF92F4 /* Sources */,
				BCB65EC320E5AFFB00DF92F4 /* Frameworks */,
				BCB65EC420E5AFFB00DF92F4 /* Resources */,
			);
			buildRules = (
			);
			dependencies = (
			);
			name = "Pitch Perfect";
			productName = "Pitch Perfect";
			productReference = BCB65EC620E5AFFB00DF92F4 /* Pitch Perfect.app */;
			productType = "com.apple.product-type.application";
		};
/* End PBXNativeTarget section */

/* Begin PBXProject section */
		BCB65EBE20E5AFFB00DF92F4 /* Project object */ = {
			isa = PBXProject;
			attributes = {
				LastSwiftUpdateCheck = 0940;
				LastUpgradeCheck = 0940;
				ORGANIZATIONNAME = "David Rodrigues";
				TargetAttributes = {
					BCB65EC520E5AFFB00DF92F4 = {
						CreatedOnToolsVersion = 9.4.1;
					};
				};
			};
			buildConfigurationList = BCB65EC120E5AFFB00DF92F4 /* Build configuration list for PBXProject "Pitch Perfect" */;
			compatibilityVersion = "Xcode 9.3";
			developmentRegion = en;
			hasScannedForEncodings = 0;
			knownRegions = (
				en,
				Base,
			);
			mainGroup = BCB65EBD20E5AFFB00DF92F4;
			productRefGroup = BCB65EC720E5AFFB00DF92F4 /* Products */;
			projectDirPath = "";
			projectRoot = "";
			targets = (
				BCB65EC520E5AFFB00DF92F4 /* Pitch Perfect */,
			);
		};
/* End PBXProject section */

/* Begin PBXResourcesBuildPhase section */
		BCB65EC420E5AFFB00DF92F4 /* Resources */ = {
			isa = PBXResourcesBuildPhase;
			buildActionMask = 2147483647;
			files = (
				BCB65ED420E5AFFD00DF92F4 /* LaunchScreen.storyboard in Resources */,
				BCB65ED120E5AFFD00DF92F4 /* Assets.xcassets in Resources */,
				BCB65ECF20E5AFFB00DF92F4 /* Main.storyboard in Resources */,
			);
			runOnlyForDeploymentPostprocessing = 0;
		};
/* End PBXResourcesBuildPhase section */

/* Begin PBXSourcesBuildPhase section */
		BCB65EC220E5AFFB00DF92F4 /* Sources */ = {
			isa = PBXSourcesBuildPhase;
			buildActionMask = 2147483647;
			files = (
				BCB65ECC20E5AFFB00DF92F4 /* RecordSoundsViewController.swift in Sources */,
				BCB65EDC20E5C16400DF92F4 /* PlaySoundsViewController.swift in Sources */,
				BCB65ECA20E5AFFB00DF92F4 /* AppDelegate.swift in Sources */,
				BCB65EDE20E5DAD900DF92F4 /* PlaySoundsViewController+Audio.swift in Sources */,
			);
			runOnlyForDeploymentPostprocessing = 0;
		};
/* End PBXSourcesBuildPhase section */

/* Begin PBXVariantGroup section */
		BCB65ECD20E5AFFB00DF92F4 /* Main.storyboard */ = {
			isa = PBXVariantGroup;
			children = (
				BCB65ECE20E5AFFB00DF92F4 /* Base */,
			);
			name = Main.storyboard;
			sourceTree = "<group>";
		};
		BCB65ED220E5AFFD00DF92F4 /* LaunchScreen.storyboard */ = {
			isa = PBXVariantGroup;
			children = (
				BCB65ED320E5AFFD00DF92F4 /* Base */,
			);
			name = LaunchScreen.storyboard;
			sourceTree = "<group>";
		};
/* End PBXVariantGroup section */

/* Begin XCBuildConfiguration section */
		BCB65ED620E5AFFD00DF92F4 /* Debug */ = {
			isa = XCBuildConfiguration;
			buildSettings = {
				ALWAYS_SEARCH_USER_PATHS = NO;
				CLANG_ANALYZER_NONNULL = YES;
				CLANG_ANALYZER_NUMBER_OBJECT_CONVERSION = YES_AGGRESSIVE;
				CLANG_CXX_LANGUAGE_STANDARD = "gnu++14";
				CLANG_CXX_LIBRARY = "libc++";
				CLANG_ENABLE_MODULES = YES;
				CLANG_ENABLE_OBJC_ARC = YES;
				CLANG_ENABLE_OBJC_WEAK = YES;
				CLANG_WARN_BLOCK_CAPTURE_AUTORELEASING = YES;
				CLANG_WARN_BOOL_CONVERSION = YES;
				CLANG_WARN_COMMA = YES;
				CLANG_WARN_CONSTANT_CONVERSION = YES;
				CLANG_WARN_DEPRECATED_OBJC_IMPLEMENTATIONS = YES;
				CLANG_WARN_DIRECT_OBJC_ISA_USAGE = YES_ERROR;
				CLANG_WARN_DOCUMENTATION_COMMENTS = YES;
				CLANG_WARN_EMPTY_BODY = YES;
				CLANG_WARN_ENUM_CONVERSION = YES;
				CLANG_WARN_INFINITE_RECURSION = YES;
				CLANG_WARN_INT_CONVERSION = YES;
				CLANG_WARN_NON_LITERAL_NULL_CONVERSION = YES;
				CLANG_WARN_OBJC_IMPLICIT_RETAIN_SELF = YES;
				CLANG_WARN_OBJC_LITERAL_CONVERSION = YES;
				CLANG_WARN_OBJC_ROOT_CLASS = YES_ERROR;
				CLANG_WARN_RANGE_LOOP_ANALYSIS = YES;
				CLANG_WARN_STRICT_PROTOTYPES = YES;
				CLANG_WARN_SUSPICIOUS_MOVE = YES;
				CLANG_WARN_UNGUARDED_AVAILABILITY = YES_AGGRESSIVE;
				CLANG_WARN_UNREACHABLE_CODE = YES;
				CLANG_WARN__DUPLICATE_METHOD_MATCH = YES;
				CODE_SIGN_IDENTITY = "iPhone Developer";
				COPY_PHASE_STRIP = NO;
				DEBUG_INFORMATION_FORMAT = dwarf;
				ENABLE_STRICT_OBJC_MSGSEND = YES;
				ENABLE_TESTABILITY = YES;
				GCC_C_LANGUAGE_STANDARD = gnu11;
				GCC_DYNAMIC_NO_PIC = NO;
				GCC_NO_COMMON_BLOCKS = YES;
				GCC_OPTIMIZATION_LEVEL = 0;
				GCC_PREPROCESSOR_DEFINITIONS = (
					"DEBUG=1",
					"$(inherited)",
				);
				GCC_WARN_64_TO_32_BIT_CONVERSION = YES;
				GCC_WARN_ABOUT_RETURN_TYPE = YES_ERROR;
				GCC_WARN_UNDECLARED_SELECTOR = YES;
				GCC_WARN_UNINITIALIZED_AUTOS = YES_AGGRESSIVE;
				GCC_WARN_UNUSED_FUNCTION = YES;
				GCC_WARN_UNUSED_VARIABLE = YES;
				IPHONEOS_DEPLOYMENT_TARGET = 11.4;
				MTL_ENABLE_DEBUG_INFO = YES;
				ONLY_ACTIVE_ARCH = YES;
				SDKROOT = iphoneos;
				SWIFT_ACTIVE_COMPILATION_CONDITIONS = DEBUG;
				SWIFT_OPTIMIZATION_LEVEL = "-Onone";
			};
			name = Debug;
		};
		BCB65ED720E5AFFD00DF92F4 /* Release */ = {
			isa = XCBuildConfiguration;
			buildSettings = {
				ALWAYS_SEARCH_USER_PATHS = NO;
				CLANG_ANALYZER_NONNULL = YES;
				CLANG_ANALYZER_NUMBER_OBJECT_CONVERSION = YES_AGGRESSIVE;
				CLANG_CXX_LANGUAGE_STANDARD = "gnu++14";
				CLANG_CXX_LIBRARY = "libc++";
				CLANG_ENABLE_MODULES = YES;
				CLANG_ENABLE_OBJC_ARC = YES;
				CLANG_ENABLE_OBJC_WEAK = YES;
				CLANG_WARN_BLOCK_CAPTURE_AUTORELEASING = YES;
				CLANG_WARN_BOOL_CONVERSION = YES;
				CLANG_WARN_COMMA = YES;
				CLANG_WARN_CONSTANT_CONVERSION = YES;
				CLANG_WARN_DEPRECATED_OBJC_IMPLEMENTATIONS = YES;
				CLANG_WARN_DIRECT_OBJC_ISA_USAGE = YES_ERROR;
				CLANG_WARN_DOCUMENTATION_COMMENTS = YES;
				CLANG_WARN_EMPTY_BODY = YES;
				CLANG_WARN_ENUM_CONVERSION = YES;
				CLANG_WARN_INFINITE_RECURSION = YES;
				CLANG_WARN_INT_CONVERSION = YES;
				CLANG_WARN_NON_LITERAL_NULL_CONVERSION = YES;
				CLANG_WARN_OBJC_IMPLICIT_RETAIN_SELF = YES;
				CLANG_WARN_OBJC_LITERAL_CONVERSION = YES;
				CLANG_WARN_OBJC_ROOT_CLASS = YES_ERROR;
				CLANG_WARN_RANGE_LOOP_ANALYSIS = YES;
				CLANG_WARN_STRICT_PROTOTYPES = YES;
				CLANG_WARN_SUSPICIOUS_MOVE = YES;
				CLANG_WARN_UNGUARDED_AVAILABILITY = YES_AGGRESSIVE;
				CLANG_WARN_UNREACHABLE_CODE = YES;
				CLANG_WARN__DUPLICATE_METHOD_MATCH = YES;
				CODE_SIGN_IDENTITY = "iPhone Developer";
				COPY_PHASE_STRIP = NO;
				DEBUG_INFORMATION_FORMAT = "dwarf-with-dsym";
				ENABLE_NS_ASSERTIONS = NO;
				ENABLE_STRICT_OBJC_MSGSEND = YES;
				GCC_C_LANGUAGE_STANDARD = gnu11;
				GCC_NO_COMMON_BLOCKS = YES;
				GCC_WARN_64_TO_32_BIT_CONVERSION = YES;
				GCC_WARN_ABOUT_RETURN_TYPE = YES_ERROR;
				GCC_WARN_UNDECLARED_SELECTOR = YES;
				GCC_WARN_UNINITIALIZED_AUTOS = YES_AGGRESSIVE;
				GCC_WARN_UNUSED_FUNCTION = YES;
				GCC_WARN_UNUSED_VARIABLE = YES;
				IPHONEOS_DEPLOYMENT_TARGET = 11.4;
				MTL_ENABLE_DEBUG_INFO = NO;
				SDKROOT = iphoneos;
				SWIFT_COMPILATION_MODE = wholemodule;
				SWIFT_OPTIMIZATION_LEVEL = "-O";
				VALIDATE_PRODUCT = YES;
			};
			name = Release;
		};
		BCB65ED920E5AFFD00DF92F4 /* Debug */ = {
			isa = XCBuildConfiguration;
			buildSettings = {
				ASSETCATALOG_COMPILER_APPICON_NAME = AppIcon;
				CODE_SIGN_STYLE = Automatic;
				DEVELOPMENT_TEAM = L767FN4JUX;
				INFOPLIST_FILE = "Pitch Perfect/Info.plist";
				LD_RUNPATH_SEARCH_PATHS = (
					"$(inherited)",
					"@executable_path/Frameworks",
				);
				PRODUCT_BUNDLE_IDENTIFIER = "com.davidrodrigues.Pitch-Perfect";
				PRODUCT_NAME = "$(TARGET_NAME)";
				SWIFT_VERSION = 4.0;
				TARGETED_DEVICE_FAMILY = "1,2";
			};
			name = Debug;
		};
		BCB65EDA20E5AFFD00DF92F4 /* Release */ = {
			isa = XCBuildConfiguration;
			buildSettings = {
				ASSETCATALOG_COMPILER_APPICON_NAME = AppIcon;
				CODE_SIGN_STYLE = Automatic;
				DEVELOPMENT_TEAM = L767FN4JUX;
				INFOPLIST_FILE = "Pitch Perfect/Info.plist";
				LD_RUNPATH_SEARCH_PATHS = (
					"$(inherited)",
					"@executable_path/Frameworks",
				);
				PRODUCT_BUNDLE_IDENTIFIER = "com.davidrodrigues.Pitch-Perfect";
				PRODUCT_NAME = "$(TARGET_NAME)";
				SWIFT_VERSION = 4.0;
				TARGETED_DEVICE_FAMILY = "1,2";
			};
			name = Release;
		};
/* End XCBuildConfiguration section */

/* Begin XCConfigurationList section */
		BCB65EC120E5AFFB00DF92F4 /* Build configuration list for PBXProject "Pitch Perfect" */ = {
			isa = XCConfigurationList;
			buildConfigurations = (
				BCB65ED620E5AFFD00DF92F4 /* Debug */,
				BCB65ED720E5AFFD00DF92F4 /* Release */,
			);
			defaultConfigurationIsVisible = 0;
			defaultConfigurationName = Release;
		};
		BCB65ED820E5AFFD00DF92F4 /* Build configuration list for PBXNativeTarget "Pitch Perfect" */ = {
			isa = XCConfigurationList;
			buildConfigurations = (
				BCB65ED920E5AFFD00DF92F4 /* Debug */,
				BCB65EDA20E5AFFD00DF92F4 /* Release */,
			);
			defaultConfigurationIsVisible = 0;
			defaultConfigurationName = Release;
		};
/* End XCConfigurationList section */
	};
	rootObject = BCB65EBE20E5AFFB00DF92F4 /* Project object */;
}
